
Microsoft Visual Studio Solution File, Format Version 12.00
# Visual Studio 15
VisualStudioVersion = 15.0.26430.16
MinimumVisualStudioVersion = 10.0.40219.1
Project("{FAE04EC0-301F-11D3-BF4B-00C04F79EFBC}") = "WpfWindowsBrowser", "WpfWindowsBrowser\WpfWindowsBrowser.csproj", "{BEEC3334-C035-43D2-A281-F5092418C857}"
EndProject
Global
	GlobalSection(SolutionConfigurationPlatforms) = preSolution
		Debug|Any CPU = Debug|Any CPU
		Release|Any CPU = Release|Any CPU
	EndGlobalSection
	GlobalSection(ProjectConfigurationPlatforms) = postSolution
		{BEEC3334-C035-43D2-A281-F5092418C857}.Debug|Any CPU.ActiveCfg = Debug|Any CPU
		{BEEC3334-C035-43D2-A281-F5092418C857}.Debug|Any CPU.Build.0 = Debug|Any CPU
		{BEEC3334-C035-43D2-A281-F5092418C857}.Release|Any CPU.ActiveCfg = Release|Any CPU
		{BEEC3334-C035-43D2-A281-F5092418C857}.Release|Any CPU.Build.0 = Release|Any CPU
	EndGlobalSection
	GlobalSection(SolutionProperties) = preSolution
		HideSolutionNode = FALSE
	EndGlobalSection
EndGlobal
