
Microsoft Visual Studio Solution File, Format Version 12.00
# Visual Studio Express 2013 for Windows Desktop
VisualStudioVersion = 12.0.31101.0
MinimumVisualStudioVersion = 10.0.40219.1
Project("{FAE04EC0-301F-11D3-BF4B-00C04F79EFBC}") = "Problems", "Problems\Problems.csproj", "{FA54C834-7482-4231-B9B2-A7A0B976650B}"
EndProject
Project("{FAE04EC0-301F-11D3-BF4B-00C04F79EFBC}") = "Horror", "Project1\Horror.csproj", "{707942A5-9118-4A0B-A2EE-9A00CF99E5E9}"
EndProject
Project("{FAE04EC0-301F-11D3-BF4B-00C04F79EFBC}") = "2-4-8", "2-4-8\2-4-8.csproj", "{FCA248E2-BAC8-4A4C-884A-4470B84BD6A2}"
EndProject
Project("{FAE04EC0-301F-11D3-BF4B-00C04F79EFBC}") = "Angry Female GPS", "Angry Female GPS\Angry Female GPS.csproj", "{06341A63-BE4E-4D3C-9D40-CA2263AD20CC}"
EndProject
Project("{FAE04EC0-301F-11D3-BF4B-00C04F79EFBC}") = "Garden", "Garden\Garden.csproj", "{0DD24C1E-EEBE-41BB-81EA-FC7B96F678AB}"
EndProject
Project("{FAE04EC0-301F-11D3-BF4B-00C04F79EFBC}") = "Printing", "Printing\Printing.csproj", "{D50BD785-88AA-46AD-BD18-D16BE0CBF5DA}"
EndProject
Project("{FAE04EC0-301F-11D3-BF4B-00C04F79EFBC}") = "Piece of cake", "Piece of cake\Piece of cake.csproj", "{D7BF5D3A-43C4-479A-83F7-B38D2E630603}"
EndProject
Project("{FAE04EC0-301F-11D3-BF4B-00C04F79EFBC}") = "Secret of numbers", "Secret of numbers\Secret of numbers.csproj", "{390125F1-4BDC-4946-8F79-8B5C98644456}"
EndProject
Project("{FAE04EC0-301F-11D3-BF4B-00C04F79EFBC}") = "Saddy Kopper", "Saddy Kopper\Saddy Kopper.csproj", "{F67F15CE-24EA-42FA-B977-0532FA936251}"
EndProject
Project("{FAE04EC0-301F-11D3-BF4B-00C04F79EFBC}") = "Coffee vending machine", "Coffee vending machine\Coffee vending machine.csproj", "{34DE6424-4007-45F9-BC58-FD3D36B5AD79}"
EndProject
Project("{FAE04EC0-301F-11D3-BF4B-00C04F79EFBC}") = "Ones and zeros", "Ones and zeros\Ones and zeros.csproj", "{007F5A33-4CD2-44EC-B699-DEAB9B0F5FAE}"
EndProject
Project("{FAE04EC0-301F-11D3-BF4B-00C04F79EFBC}") = "Loops exercises", "Loops exercises\Loops exercises.csproj", "{4BB4A4D7-6A4D-42B7-8DCD-F2550B53E7E2}"
EndProject
Project("{FAE04EC0-301F-11D3-BF4B-00C04F79EFBC}") = "Exercise loops 2", "Exercise loops 2\Exercise loops 2.csproj", "{C7442150-490C-4240-A5C2-FDA519BDE086}"
EndProject
Project("{FAE04EC0-301F-11D3-BF4B-00C04F79EFBC}") = "MMSA of a number", "MMSA of a number\MMSA of a number.csproj", "{E397FAA2-08CF-4298-8C6D-574870ECF0B8}"
EndProject
Project("{FAE04EC0-301F-11D3-BF4B-00C04F79EFBC}") = "Text2number", "Text2number\Text2number.csproj", "{9951945F-8CEE-4905-A531-DB3944A68D5D}"
EndProject
Project("{FAE04EC0-301F-11D3-BF4B-00C04F79EFBC}") = "DrunkNumbers", "DrunkNumbers\DrunkNumbers.csproj", "{4EA82B06-2670-4541-88D9-314FB0D2CDE9}"
EndProject
Project("{FAE04EC0-301F-11D3-BF4B-00C04F79EFBC}") = "Cube", "Cube\Cube.csproj", "{B4BC7313-DA2D-490B-8EA3-DF591A77E128}"
EndProject
Project("{FAE04EC0-301F-11D3-BF4B-00C04F79EFBC}") = "FireInTheMatrix", "FireInTheMatrix\FireInTheMatrix.csproj", "{19E939F8-812C-4026-A4CC-56B29EC70B57}"
EndProject
Project("{FAE04EC0-301F-11D3-BF4B-00C04F79EFBC}") = "DiamondTrolls", "DiamondTrolls\DiamondTrolls.csproj", "{B9104831-FACB-4E47-B6CB-52E153FCA63E}"
EndProject
Project("{FAE04EC0-301F-11D3-BF4B-00C04F79EFBC}") = "Eggcelent", "Eggcelent\Eggcelent.csproj", "{18733235-177B-475B-A662-D9EEFBAB0EE7}"
EndProject
Project("{FAE04EC0-301F-11D3-BF4B-00C04F79EFBC}") = "EvenDividers", "EvenDividers\EvenDividers.csproj", "{E6D40769-C267-4370-B29D-C27737D606CF}"
EndProject
Project("{FAE04EC0-301F-11D3-BF4B-00C04F79EFBC}") = "MalkoKote", "MalkoKote\MalkoKote.csproj", "{52A79CAD-0DE8-411B-80A1-B54BDD905DE1}"
EndProject
Project("{FAE04EC0-301F-11D3-BF4B-00C04F79EFBC}") = "Speeds", "Speeds\Speeds.csproj", "{21B0682D-3BB0-4613-BF7A-EF5FF12DF296}"
EndProject
Project("{FAE04EC0-301F-11D3-BF4B-00C04F79EFBC}") = "MutantSquirrels", "MutantSquirrels\MutantSquirrels.csproj", "{6FA2C33C-34EE-4A3E-8C0D-41A35EE95A84}"
EndProject
Project("{FAE04EC0-301F-11D3-BF4B-00C04F79EFBC}") = "SumOfOddDivisors", "SumOfOddDivisors\SumOfOddDivisors.csproj", "{A7CE4AB0-A492-4C7A-A797-93183BC119AB}"
EndProject
Project("{FAE04EC0-301F-11D3-BF4B-00C04F79EFBC}") = "PersianRugs", "PersianRugs\PersianRugs.csproj", "{D4B8D765-542A-49D5-89DD-10137A668F3B}"
EndProject
Project("{FAE04EC0-301F-11D3-BF4B-00C04F79EFBC}") = "ConsoleApp", "ConsoleApp\ConsoleApp.csproj", "{630AD807-23FD-45DB-B74F-1151D869B883}"
EndProject
Project("{FAE04EC0-301F-11D3-BF4B-00C04F79EFBC}") = "Decoding", "Decoding\Decoding.csproj", "{031AF93C-DDB8-4DF7-B087-CFE59A04A82B}"
EndProject
Project("{FAE04EC0-301F-11D3-BF4B-00C04F79EFBC}") = "ThreeNumbers", "ThreeNumbers\ThreeNumbers.csproj", "{DA35D757-0B32-4FA0-B2B6-FD7355239892}"
EndProject
Project("{FAE04EC0-301F-11D3-BF4B-00C04F79EFBC}") = "ATrain", "ATrain\ATrain.csproj", "{90D555AD-2EFF-4404-8148-55D148D00297}"
EndProject
Project("{FAE04EC0-301F-11D3-BF4B-00C04F79EFBC}") = "EXAM", "EXAM\EXAM.csproj", "{E048A291-C295-4F44-806B-AE0870AF0FB6}"
EndProject
Project("{FAE04EC0-301F-11D3-BF4B-00C04F79EFBC}") = "cuts", "cuts\cuts.csproj", "{F7DEA58C-3EAF-40D5-91CF-9AFD4B884300}"
EndProject
Project("{FAE04EC0-301F-11D3-BF4B-00C04F79EFBC}") = "test", "test\test.csproj", "{8F7C1235-3BDF-4840-A065-83059D45FBF3}"
EndProject
Global
	GlobalSection(SolutionConfigurationPlatforms) = preSolution
		Debug|Any CPU = Debug|Any CPU
		Release|Any CPU = Release|Any CPU
	EndGlobalSection
	GlobalSection(ProjectConfigurationPlatforms) = postSolution
		{FA54C834-7482-4231-B9B2-A7A0B976650B}.Debug|Any CPU.ActiveCfg = Debug|Any CPU
		{FA54C834-7482-4231-B9B2-A7A0B976650B}.Debug|Any CPU.Build.0 = Debug|Any CPU
		{FA54C834-7482-4231-B9B2-A7A0B976650B}.Release|Any CPU.ActiveCfg = Release|Any CPU
		{FA54C834-7482-4231-B9B2-A7A0B976650B}.Release|Any CPU.Build.0 = Release|Any CPU
		{707942A5-9118-4A0B-A2EE-9A00CF99E5E9}.Debug|Any CPU.ActiveCfg = Debug|Any CPU
		{707942A5-9118-4A0B-A2EE-9A00CF99E5E9}.Debug|Any CPU.Build.0 = Debug|Any CPU
		{707942A5-9118-4A0B-A2EE-9A00CF99E5E9}.Release|Any CPU.ActiveCfg = Release|Any CPU
		{707942A5-9118-4A0B-A2EE-9A00CF99E5E9}.Release|Any CPU.Build.0 = Release|Any CPU
		{FCA248E2-BAC8-4A4C-884A-4470B84BD6A2}.Debug|Any CPU.ActiveCfg = Debug|Any CPU
		{FCA248E2-BAC8-4A4C-884A-4470B84BD6A2}.Debug|Any CPU.Build.0 = Debug|Any CPU
		{FCA248E2-BAC8-4A4C-884A-4470B84BD6A2}.Release|Any CPU.ActiveCfg = Release|Any CPU
		{FCA248E2-BAC8-4A4C-884A-4470B84BD6A2}.Release|Any CPU.Build.0 = Release|Any CPU
		{06341A63-BE4E-4D3C-9D40-CA2263AD20CC}.Debug|Any CPU.ActiveCfg = Debug|Any CPU
		{06341A63-BE4E-4D3C-9D40-CA2263AD20CC}.Debug|Any CPU.Build.0 = Debug|Any CPU
		{06341A63-BE4E-4D3C-9D40-CA2263AD20CC}.Release|Any CPU.ActiveCfg = Release|Any CPU
		{06341A63-BE4E-4D3C-9D40-CA2263AD20CC}.Release|Any CPU.Build.0 = Release|Any CPU
		{0DD24C1E-EEBE-41BB-81EA-FC7B96F678AB}.Debug|Any CPU.ActiveCfg = Debug|Any CPU
		{0DD24C1E-EEBE-41BB-81EA-FC7B96F678AB}.Debug|Any CPU.Build.0 = Debug|Any CPU
		{0DD24C1E-EEBE-41BB-81EA-FC7B96F678AB}.Release|Any CPU.ActiveCfg = Release|Any CPU
		{0DD24C1E-EEBE-41BB-81EA-FC7B96F678AB}.Release|Any CPU.Build.0 = Release|Any CPU
		{D50BD785-88AA-46AD-BD18-D16BE0CBF5DA}.Debug|Any CPU.ActiveCfg = Debug|Any CPU
		{D50BD785-88AA-46AD-BD18-D16BE0CBF5DA}.Debug|Any CPU.Build.0 = Debug|Any CPU
		{D50BD785-88AA-46AD-BD18-D16BE0CBF5DA}.Release|Any CPU.ActiveCfg = Release|Any CPU
		{D50BD785-88AA-46AD-BD18-D16BE0CBF5DA}.Release|Any CPU.Build.0 = Release|Any CPU
		{D7BF5D3A-43C4-479A-83F7-B38D2E630603}.Debug|Any CPU.ActiveCfg = Debug|Any CPU
		{D7BF5D3A-43C4-479A-83F7-B38D2E630603}.Debug|Any CPU.Build.0 = Debug|Any CPU
		{D7BF5D3A-43C4-479A-83F7-B38D2E630603}.Release|Any CPU.ActiveCfg = Release|Any CPU
		{D7BF5D3A-43C4-479A-83F7-B38D2E630603}.Release|Any CPU.Build.0 = Release|Any CPU
		{390125F1-4BDC-4946-8F79-8B5C98644456}.Debug|Any CPU.ActiveCfg = Debug|Any CPU
		{390125F1-4BDC-4946-8F79-8B5C98644456}.Debug|Any CPU.Build.0 = Debug|Any CPU
		{390125F1-4BDC-4946-8F79-8B5C98644456}.Release|Any CPU.ActiveCfg = Release|Any CPU
		{390125F1-4BDC-4946-8F79-8B5C98644456}.Release|Any CPU.Build.0 = Release|Any CPU
		{F67F15CE-24EA-42FA-B977-0532FA936251}.Debug|Any CPU.ActiveCfg = Debug|Any CPU
		{F67F15CE-24EA-42FA-B977-0532FA936251}.Debug|Any CPU.Build.0 = Debug|Any CPU
		{F67F15CE-24EA-42FA-B977-0532FA936251}.Release|Any CPU.ActiveCfg = Release|Any CPU
		{F67F15CE-24EA-42FA-B977-0532FA936251}.Release|Any CPU.Build.0 = Release|Any CPU
		{34DE6424-4007-45F9-BC58-FD3D36B5AD79}.Debug|Any CPU.ActiveCfg = Debug|Any CPU
		{34DE6424-4007-45F9-BC58-FD3D36B5AD79}.Debug|Any CPU.Build.0 = Debug|Any CPU
		{34DE6424-4007-45F9-BC58-FD3D36B5AD79}.Release|Any CPU.ActiveCfg = Release|Any CPU
		{34DE6424-4007-45F9-BC58-FD3D36B5AD79}.Release|Any CPU.Build.0 = Release|Any CPU
		{007F5A33-4CD2-44EC-B699-DEAB9B0F5FAE}.Debug|Any CPU.ActiveCfg = Debug|Any CPU
		{007F5A33-4CD2-44EC-B699-DEAB9B0F5FAE}.Debug|Any CPU.Build.0 = Debug|Any CPU
		{007F5A33-4CD2-44EC-B699-DEAB9B0F5FAE}.Release|Any CPU.ActiveCfg = Release|Any CPU
		{007F5A33-4CD2-44EC-B699-DEAB9B0F5FAE}.Release|Any CPU.Build.0 = Release|Any CPU
		{4BB4A4D7-6A4D-42B7-8DCD-F2550B53E7E2}.Debug|Any CPU.ActiveCfg = Debug|Any CPU
		{4BB4A4D7-6A4D-42B7-8DCD-F2550B53E7E2}.Debug|Any CPU.Build.0 = Debug|Any CPU
		{4BB4A4D7-6A4D-42B7-8DCD-F2550B53E7E2}.Release|Any CPU.ActiveCfg = Release|Any CPU
		{4BB4A4D7-6A4D-42B7-8DCD-F2550B53E7E2}.Release|Any CPU.Build.0 = Release|Any CPU
		{C7442150-490C-4240-A5C2-FDA519BDE086}.Debug|Any CPU.ActiveCfg = Debug|Any CPU
		{C7442150-490C-4240-A5C2-FDA519BDE086}.Debug|Any CPU.Build.0 = Debug|Any CPU
		{C7442150-490C-4240-A5C2-FDA519BDE086}.Release|Any CPU.ActiveCfg = Release|Any CPU
		{C7442150-490C-4240-A5C2-FDA519BDE086}.Release|Any CPU.Build.0 = Release|Any CPU
		{E397FAA2-08CF-4298-8C6D-574870ECF0B8}.Debug|Any CPU.ActiveCfg = Debug|Any CPU
		{E397FAA2-08CF-4298-8C6D-574870ECF0B8}.Debug|Any CPU.Build.0 = Debug|Any CPU
		{E397FAA2-08CF-4298-8C6D-574870ECF0B8}.Release|Any CPU.ActiveCfg = Release|Any CPU
		{E397FAA2-08CF-4298-8C6D-574870ECF0B8}.Release|Any CPU.Build.0 = Release|Any CPU
		{9951945F-8CEE-4905-A531-DB3944A68D5D}.Debug|Any CPU.ActiveCfg = Debug|Any CPU
		{9951945F-8CEE-4905-A531-DB3944A68D5D}.Debug|Any CPU.Build.0 = Debug|Any CPU
		{9951945F-8CEE-4905-A531-DB3944A68D5D}.Release|Any CPU.ActiveCfg = Release|Any CPU
		{9951945F-8CEE-4905-A531-DB3944A68D5D}.Release|Any CPU.Build.0 = Release|Any CPU
		{4EA82B06-2670-4541-88D9-314FB0D2CDE9}.Debug|Any CPU.ActiveCfg = Debug|Any CPU
		{4EA82B06-2670-4541-88D9-314FB0D2CDE9}.Debug|Any CPU.Build.0 = Debug|Any CPU
		{4EA82B06-2670-4541-88D9-314FB0D2CDE9}.Release|Any CPU.ActiveCfg = Release|Any CPU
		{4EA82B06-2670-4541-88D9-314FB0D2CDE9}.Release|Any CPU.Build.0 = Release|Any CPU
		{B4BC7313-DA2D-490B-8EA3-DF591A77E128}.Debug|Any CPU.ActiveCfg = Debug|Any CPU
		{B4BC7313-DA2D-490B-8EA3-DF591A77E128}.Debug|Any CPU.Build.0 = Debug|Any CPU
		{B4BC7313-DA2D-490B-8EA3-DF591A77E128}.Release|Any CPU.ActiveCfg = Release|Any CPU
		{B4BC7313-DA2D-490B-8EA3-DF591A77E128}.Release|Any CPU.Build.0 = Release|Any CPU
		{19E939F8-812C-4026-A4CC-56B29EC70B57}.Debug|Any CPU.ActiveCfg = Debug|Any CPU
		{19E939F8-812C-4026-A4CC-56B29EC70B57}.Debug|Any CPU.Build.0 = Debug|Any CPU
		{19E939F8-812C-4026-A4CC-56B29EC70B57}.Release|Any CPU.ActiveCfg = Release|Any CPU
		{19E939F8-812C-4026-A4CC-56B29EC70B57}.Release|Any CPU.Build.0 = Release|Any CPU
		{B9104831-FACB-4E47-B6CB-52E153FCA63E}.Debug|Any CPU.ActiveCfg = Debug|Any CPU
		{B9104831-FACB-4E47-B6CB-52E153FCA63E}.Debug|Any CPU.Build.0 = Debug|Any CPU
		{B9104831-FACB-4E47-B6CB-52E153FCA63E}.Release|Any CPU.ActiveCfg = Release|Any CPU
		{B9104831-FACB-4E47-B6CB-52E153FCA63E}.Release|Any CPU.Build.0 = Release|Any CPU
		{18733235-177B-475B-A662-D9EEFBAB0EE7}.Debug|Any CPU.ActiveCfg = Debug|Any CPU
		{18733235-177B-475B-A662-D9EEFBAB0EE7}.Debug|Any CPU.Build.0 = Debug|Any CPU
		{18733235-177B-475B-A662-D9EEFBAB0EE7}.Release|Any CPU.ActiveCfg = Release|Any CPU
		{18733235-177B-475B-A662-D9EEFBAB0EE7}.Release|Any CPU.Build.0 = Release|Any CPU
		{E6D40769-C267-4370-B29D-C27737D606CF}.Debug|Any CPU.ActiveCfg = Debug|Any CPU
		{E6D40769-C267-4370-B29D-C27737D606CF}.Debug|Any CPU.Build.0 = Debug|Any CPU
		{E6D40769-C267-4370-B29D-C27737D606CF}.Release|Any CPU.ActiveCfg = Release|Any CPU
		{E6D40769-C267-4370-B29D-C27737D606CF}.Release|Any CPU.Build.0 = Release|Any CPU
		{52A79CAD-0DE8-411B-80A1-B54BDD905DE1}.Debug|Any CPU.ActiveCfg = Debug|Any CPU
		{52A79CAD-0DE8-411B-80A1-B54BDD905DE1}.Debug|Any CPU.Build.0 = Debug|Any CPU
		{52A79CAD-0DE8-411B-80A1-B54BDD905DE1}.Release|Any CPU.ActiveCfg = Release|Any CPU
		{52A79CAD-0DE8-411B-80A1-B54BDD905DE1}.Release|Any CPU.Build.0 = Release|Any CPU
		{21B0682D-3BB0-4613-BF7A-EF5FF12DF296}.Debug|Any CPU.ActiveCfg = Debug|Any CPU
		{21B0682D-3BB0-4613-BF7A-EF5FF12DF296}.Debug|Any CPU.Build.0 = Debug|Any CPU
		{21B0682D-3BB0-4613-BF7A-EF5FF12DF296}.Release|Any CPU.ActiveCfg = Release|Any CPU
		{21B0682D-3BB0-4613-BF7A-EF5FF12DF296}.Release|Any CPU.Build.0 = Release|Any CPU
		{6FA2C33C-34EE-4A3E-8C0D-41A35EE95A84}.Debug|Any CPU.ActiveCfg = Debug|Any CPU
		{6FA2C33C-34EE-4A3E-8C0D-41A35EE95A84}.Debug|Any CPU.Build.0 = Debug|Any CPU
		{6FA2C33C-34EE-4A3E-8C0D-41A35EE95A84}.Release|Any CPU.ActiveCfg = Release|Any CPU
		{6FA2C33C-34EE-4A3E-8C0D-41A35EE95A84}.Release|Any CPU.Build.0 = Release|Any CPU
		{A7CE4AB0-A492-4C7A-A797-93183BC119AB}.Debug|Any CPU.ActiveCfg = Debug|Any CPU
		{A7CE4AB0-A492-4C7A-A797-93183BC119AB}.Debug|Any CPU.Build.0 = Debug|Any CPU
		{A7CE4AB0-A492-4C7A-A797-93183BC119AB}.Release|Any CPU.ActiveCfg = Release|Any CPU
		{A7CE4AB0-A492-4C7A-A797-93183BC119AB}.Release|Any CPU.Build.0 = Release|Any CPU
		{D4B8D765-542A-49D5-89DD-10137A668F3B}.Debug|Any CPU.ActiveCfg = Debug|Any CPU
		{D4B8D765-542A-49D5-89DD-10137A668F3B}.Debug|Any CPU.Build.0 = Debug|Any CPU
		{D4B8D765-542A-49D5-89DD-10137A668F3B}.Release|Any CPU.ActiveCfg = Release|Any CPU
		{D4B8D765-542A-49D5-89DD-10137A668F3B}.Release|Any CPU.Build.0 = Release|Any CPU
		{630AD807-23FD-45DB-B74F-1151D869B883}.Debug|Any CPU.ActiveCfg = Debug|Any CPU
		{630AD807-23FD-45DB-B74F-1151D869B883}.Debug|Any CPU.Build.0 = Debug|Any CPU
		{630AD807-23FD-45DB-B74F-1151D869B883}.Release|Any CPU.ActiveCfg = Release|Any CPU
		{630AD807-23FD-45DB-B74F-1151D869B883}.Release|Any CPU.Build.0 = Release|Any CPU
		{031AF93C-DDB8-4DF7-B087-CFE59A04A82B}.Debug|Any CPU.ActiveCfg = Debug|Any CPU
		{031AF93C-DDB8-4DF7-B087-CFE59A04A82B}.Debug|Any CPU.Build.0 = Debug|Any CPU
		{031AF93C-DDB8-4DF7-B087-CFE59A04A82B}.Release|Any CPU.ActiveCfg = Release|Any CPU
		{031AF93C-DDB8-4DF7-B087-CFE59A04A82B}.Release|Any CPU.Build.0 = Release|Any CPU
		{DA35D757-0B32-4FA0-B2B6-FD7355239892}.Debug|Any CPU.ActiveCfg = Debug|Any CPU
		{DA35D757-0B32-4FA0-B2B6-FD7355239892}.Debug|Any CPU.Build.0 = Debug|Any CPU
		{DA35D757-0B32-4FA0-B2B6-FD7355239892}.Release|Any CPU.ActiveCfg = Release|Any CPU
		{DA35D757-0B32-4FA0-B2B6-FD7355239892}.Release|Any CPU.Build.0 = Release|Any CPU
		{90D555AD-2EFF-4404-8148-55D148D00297}.Debug|Any CPU.ActiveCfg = Debug|Any CPU
		{90D555AD-2EFF-4404-8148-55D148D00297}.Debug|Any CPU.Build.0 = Debug|Any CPU
		{90D555AD-2EFF-4404-8148-55D148D00297}.Release|Any CPU.ActiveCfg = Release|Any CPU
		{90D555AD-2EFF-4404-8148-55D148D00297}.Release|Any CPU.Build.0 = Release|Any CPU
		{E048A291-C295-4F44-806B-AE0870AF0FB6}.Debug|Any CPU.ActiveCfg = Debug|Any CPU
		{E048A291-C295-4F44-806B-AE0870AF0FB6}.Debug|Any CPU.Build.0 = Debug|Any CPU
		{E048A291-C295-4F44-806B-AE0870AF0FB6}.Release|Any CPU.ActiveCfg = Release|Any CPU
		{E048A291-C295-4F44-806B-AE0870AF0FB6}.Release|Any CPU.Build.0 = Release|Any CPU
		{F7DEA58C-3EAF-40D5-91CF-9AFD4B884300}.Debug|Any CPU.ActiveCfg = Debug|Any CPU
		{F7DEA58C-3EAF-40D5-91CF-9AFD4B884300}.Debug|Any CPU.Build.0 = Debug|Any CPU
		{F7DEA58C-3EAF-40D5-91CF-9AFD4B884300}.Release|Any CPU.ActiveCfg = Release|Any CPU
		{F7DEA58C-3EAF-40D5-91CF-9AFD4B884300}.Release|Any CPU.Build.0 = Release|Any CPU
		{8F7C1235-3BDF-4840-A065-83059D45FBF3}.Debug|Any CPU.ActiveCfg = Debug|Any CPU
		{8F7C1235-3BDF-4840-A065-83059D45FBF3}.Debug|Any CPU.Build.0 = Debug|Any CPU
		{8F7C1235-3BDF-4840-A065-83059D45FBF3}.Release|Any CPU.ActiveCfg = Release|Any CPU
		{8F7C1235-3BDF-4840-A065-83059D45FBF3}.Release|Any CPU.Build.0 = Release|Any CPU
	EndGlobalSection
	GlobalSection(SolutionProperties) = preSolution
		HideSolutionNode = FALSE
	EndGlobalSection
EndGlobal
